
Microsoft Visual Studio Solution File, Format Version 12.00
# Visual Studio Version 17
VisualStudioVersion = 17.13.35931.197 d17.13
MinimumVisualStudioVersion = 10.0.40219.1
Project("{FAE04EC0-301F-11D3-BF4B-00C04F79EFBC}") = "CSpro_01_1_ClassCalculator", "CSpro_01_1_ClassCalculator\CSpro_01_1_ClassCalculator.csproj", "{2705FF86-BC03-4D92-BF9E-F1EFE4D97960}"
EndProject
Global
	GlobalSection(SolutionConfigurationPlatforms) = preSolution
		Debug|Any CPU = Debug|Any CPU
		Release|Any CPU = Release|Any CPU
	EndGlobalSection
	GlobalSection(ProjectConfigurationPlatforms) = postSolution
		{2705FF86-BC03-4D92-BF9E-F1EFE4D97960}.Debug|Any CPU.ActiveCfg = Debug|Any CPU
		{2705FF86-BC03-4D92-BF9E-F1EFE4D97960}.Debug|Any CPU.Build.0 = Debug|Any CPU
		{2705FF86-BC03-4D92-BF9E-F1EFE4D97960}.Release|Any CPU.ActiveCfg = Release|Any CPU
		{2705FF86-BC03-4D92-BF9E-F1EFE4D97960}.Release|Any CPU.Build.0 = Release|Any CPU
	EndGlobalSection
	GlobalSection(SolutionProperties) = preSolution
		HideSolutionNode = FALSE
	EndGlobalSection
	GlobalSection(ExtensibilityGlobals) = postSolution
		SolutionGuid = {D8813B62-85DA-4FF4-858D-97C947F7FC8E}
	EndGlobalSection
EndGlobal
